
Microsoft Visual Studio Solution File, Format Version 12.00
# Visual Studio Version 17
VisualStudioVersion = 17.3.32922.545
MinimumVisualStudioVersion = 10.0.40219.1
Project("{FAE04EC0-301F-11D3-BF4B-00C04F79EFBC}") = "operatorok", "operatorok\operatorok.csproj", "{A109384B-1C54-4BF3-93A7-617FDEEBB0B8}"
EndProject
Global
	GlobalSection(SolutionConfigurationPlatforms) = preSolution
		Debug|Any CPU = Debug|Any CPU
		Release|Any CPU = Release|Any CPU
	EndGlobalSection
	GlobalSection(ProjectConfigurationPlatforms) = postSolution
		{A109384B-1C54-4BF3-93A7-617FDEEBB0B8}.Debug|Any CPU.ActiveCfg = Debug|Any CPU
		{A109384B-1C54-4BF3-93A7-617FDEEBB0B8}.Debug|Any CPU.Build.0 = Debug|Any CPU
		{A109384B-1C54-4BF3-93A7-617FDEEBB0B8}.Release|Any CPU.ActiveCfg = Release|Any CPU
		{A109384B-1C54-4BF3-93A7-617FDEEBB0B8}.Release|Any CPU.Build.0 = Release|Any CPU
	EndGlobalSection
	GlobalSection(SolutionProperties) = preSolution
		HideSolutionNode = FALSE
	EndGlobalSection
	GlobalSection(ExtensibilityGlobals) = postSolution
		SolutionGuid = {2F6B35C0-8F0F-4574-868B-A43EF08A4CB7}
	EndGlobalSection
EndGlobal
